{"_meta":{"file-type":"spack-lockfile","lockfile-version":5,"specfile-version":4},"spack":{"version":"0.21.0.dev0","type":"git","commit":"6af45230b468f090d1a2318d3ec539bfd5b1f4c4"},"roots":[{"hash":"cysgjnqt7nvbjsixvvazrunuq5tzc75i","spec":"rocksdb@8.6.7"}],"concrete_specs":{"cysgjnqt7nvbjsixvvazrunuq5tzc75i":{"name":"rocksdb","version":"8.6.7","arch":{"platform":"linux","platform_os":"ubuntu20.04","target":{"name":"cascadelake","vendor":"GenuineIntel","features":["adx","aes","avx","avx2","avx512_vnni","avx512bw","avx512cd","avx512dq","avx512f","avx512vl","bmi1","bmi2","clflushopt","clwb","f16c","fma","mmx","movbe","pclmulqdq","popcnt","rdrand","rdseed","sse","sse2","sse4_1","sse4_2","ssse3","xsavec","xsaveopt"],"generation":0,"parents":["skylake_avx512"]}},"compiler":{"name":"gcc","version":"9.4.0"},"namespace":"builtin","parameters":{"build_system":"makefile","bz2":false,"lz4":true,"patches":["5a8ff49b70817270583d1950590c40e128ebf41a662c9d66dd8e9b8e428d35c9"],"rtti":false,"shared":true,"snappy":false,"static":true,"tbb":false,"werror":false,"zlib":true,"zstd":false,"cflags":[],"cppflags":[],"cxxflags":[],"fflags":[],"ldflags":[],"ldlibs":[]},"patches":["5a8ff49b70817270583d1950590c40e128ebf41a662c9d66dd8e9b8e428d35c9"],"package_hash":"gomvpjszpd5ky3jybbmyswiwx2zwnuqrc2pwbtn5u4ltk5yhgkoq====","dependencies":[{"name":"gflags","hash":"myj5blfgvg67l4juz2lckqaan37qsent","parameters":{"deptypes":["build","link"],"virtuals":[]}},{"name":"gmake","hash":"debbol4zh72ndqhepihbgmhguwtc47el","parameters":{"deptypes":["build"],"virtuals":[]}},{"name":"lz4","hash":"nrc3oh36xddhjwmv7m66xdtmcacrum23","parameters":{"deptypes":["build","link"],"virtuals":[]}},{"name":"zlib-ng","hash":"ae6rvxgrqv76fggrzk776pfidthjy52y","parameters":{"deptypes":["build","link"],"virtuals":["zlib-api"]}}],"hash":"cysgjnqt7nvbjsixvvazrunuq5tzc75i"},"myj5blfgvg67l4juz2lckqaan37qsent":{"name":"gflags","version":"2.2.2","arch":{"platform":"linux","platform_os":"ubuntu20.04","target":{"name":"cascadelake","vendor":"GenuineIntel","features":["adx","aes","avx","avx2","avx512_vnni","avx512bw","avx512cd","avx512dq","avx512f","avx512vl","bmi1","bmi2","clflushopt","clwb","f16c","fma","mmx","movbe","pclmulqdq","popcnt","rdrand","rdseed","sse","sse2","sse4_1","sse4_2","ssse3","xsavec","xsaveopt"],"generation":0,"parents":["skylake_avx512"]}},"compiler":{"name":"gcc","version":"9.4.0"},"namespace":"builtin","parameters":{"build_system":"cmake","build_type":"Release","generator":"make","ipo":false,"cflags":[],"cppflags":[],"cxxflags":[],"fflags":[],"ldflags":[],"ldlibs":[]},"package_hash":"3fq6jckqire4g6o2jkde72wd25ukb7nvwrvoez33tejkyhpza77a====","dependencies":[{"name":"cmake","hash":"n7uolxuhjuhtl4zalhshkduj2jolxojt","parameters":{"deptypes":["build"],"virtuals":[]}},{"name":"gmake","hash":"debbol4zh72ndqhepihbgmhguwtc47el","parameters":{"deptypes":["build"],"virtuals":[]}}],"hash":"myj5blfgvg67l4juz2lckqaan37qsent"},"n7uolxuhjuhtl4zalhshkduj2jolxojt":{"name":"cmake","version":"3.16.3","arch":{"platform":"linux","platform_os":"ubuntu20.04","target":{"name":"cascadelake","vendor":"GenuineIntel","features":["adx","aes","avx","avx2","avx512_vnni","avx512bw","avx512cd","avx512dq","avx512f","avx512vl","bmi1","bmi2","clflushopt","clwb","f16c","fma","mmx","movbe","pclmulqdq","popcnt","rdrand","rdseed","sse","sse2","sse4_1","sse4_2","ssse3","xsavec","xsaveopt"],"generation":0,"parents":["skylake_avx512"]}},"compiler":{"name":"gcc","version":"9.4.0"},"namespace":"builtin","parameters":{"build_system":"generic","build_type":"Release","doc":false,"ncurses":true,"ownlibs":true,"patches":["1c540040c7e203dd8e27aa20345ecb07fe06570d56410a24a266ae570b1c4c39","bf695e3febb222da2ed94b3beea600650e4318975da90e4a71d6f31a6d5d8c3d"],"cflags":[],"cppflags":[],"cxxflags":[],"fflags":[],"ldflags":[],"ldlibs":[]},"external":{"path":"/usr","module":null,"extra_attributes":{}},"patches":["1c540040c7e203dd8e27aa20345ecb07fe06570d56410a24a266ae570b1c4c39","bf695e3febb222da2ed94b3beea600650e4318975da90e4a71d6f31a6d5d8c3d"],"package_hash":"rsqb4r4sozj4rddo43edmaxy4jimm65ja65nepugnzmiuiezopxq====","hash":"n7uolxuhjuhtl4zalhshkduj2jolxojt"},"debbol4zh72ndqhepihbgmhguwtc47el":{"name":"gmake","version":"4.2.1","arch":{"platform":"linux","platform_os":"ubuntu20.04","target":{"name":"cascadelake","vendor":"GenuineIntel","features":["adx","aes","avx","avx2","avx512_vnni","avx512bw","avx512cd","avx512dq","avx512f","avx512vl","bmi1","bmi2","clflushopt","clwb","f16c","fma","mmx","movbe","pclmulqdq","popcnt","rdrand","rdseed","sse","sse2","sse4_1","sse4_2","ssse3","xsavec","xsaveopt"],"generation":0,"parents":["skylake_avx512"]}},"compiler":{"name":"gcc","version":"9.4.0"},"namespace":"builtin","parameters":{"build_system":"autotools","guile":false,"patches":["ca60bd9c1a1b35bc0dc58b6a4a19d5c2651f7a94a4b22b2c5ea001a1ca7a8a7f","fe5b60d091c33f169740df8cb718bf4259f84528b42435194ffe0dd5b79cd125"],"cflags":[],"cppflags":[],"cxxflags":[],"fflags":[],"ldflags":[],"ldlibs":[]},"external":{"path":"/usr","module":null,"extra_attributes":{}},"patches":["fe5b60d091c33f169740df8cb718bf4259f84528b42435194ffe0dd5b79cd125","ca60bd9c1a1b35bc0dc58b6a4a19d5c2651f7a94a4b22b2c5ea001a1ca7a8a7f"],"package_hash":"dx5bk5p5bjcq7j4ppqsay52smh2nxipovju5x4qvcmcwjyrq5i2a====","hash":"debbol4zh72ndqhepihbgmhguwtc47el"},"nrc3oh36xddhjwmv7m66xdtmcacrum23":{"name":"lz4","version":"1.9.4","arch":{"platform":"linux","platform_os":"ubuntu20.04","target":{"name":"cascadelake","vendor":"GenuineIntel","features":["adx","aes","avx","avx2","avx512_vnni","avx512bw","avx512cd","avx512dq","avx512f","avx512vl","bmi1","bmi2","clflushopt","clwb","f16c","fma","mmx","movbe","pclmulqdq","popcnt","rdrand","rdseed","sse","sse2","sse4_1","sse4_2","ssse3","xsavec","xsaveopt"],"generation":0,"parents":["skylake_avx512"]}},"compiler":{"name":"gcc","version":"9.4.0"},"namespace":"builtin","parameters":{"build_system":"makefile","libs":["shared","static"],"cflags":[],"cppflags":[],"cxxflags":[],"fflags":[],"ldflags":[],"ldlibs":[]},"package_hash":"dgefonxz2jvwsno4xfkl7regljwu5465apiufiu6pjtrorseihiq====","hash":"nrc3oh36xddhjwmv7m66xdtmcacrum23"},"ae6rvxgrqv76fggrzk776pfidthjy52y":{"name":"zlib-ng","version":"2.1.3","arch":{"platform":"linux","platform_os":"ubuntu20.04","target":{"name":"cascadelake","vendor":"GenuineIntel","features":["adx","aes","avx","avx2","avx512_vnni","avx512bw","avx512cd","avx512dq","avx512f","avx512vl","bmi1","bmi2","clflushopt","clwb","f16c","fma","mmx","movbe","pclmulqdq","popcnt","rdrand","rdseed","sse","sse2","sse4_1","sse4_2","ssse3","xsavec","xsaveopt"],"generation":0,"parents":["skylake_avx512"]}},"compiler":{"name":"gcc","version":"9.4.0"},"namespace":"builtin","parameters":{"build_system":"autotools","compat":true,"opt":true,"patches":["299b958239dde6d6168c64c671645df8c126caf240bd3ed113b7b0513335f71a","ae9077abf15dd4c5dd551e94a493d1f9fd8a64dbc482ffc9d9438b090199c2aa","b6926219c145fd4c273c86b21323f5b9c0f73e65ae207afd3d709a5ba8d060c8"],"cflags":[],"cppflags":[],"cxxflags":[],"fflags":[],"ldflags":[],"ldlibs":[]},"patches":["b6926219c145fd4c273c86b21323f5b9c0f73e65ae207afd3d709a5ba8d060c8","ae9077abf15dd4c5dd551e94a493d1f9fd8a64dbc482ffc9d9438b090199c2aa","299b958239dde6d6168c64c671645df8c126caf240bd3ed113b7b0513335f71a"],"package_hash":"vseioeqq3wx7sliel4gyamfhacd6u5wddur4jebw2flxpl3oaheq====","hash":"ae6rvxgrqv76fggrzk776pfidthjy52y"}}}